
Microsoft Visual Studio Solution File, Format Version 12.00
# Visual Studio Version 16
VisualStudioVersion = 16.0.30517.126
MinimumVisualStudioVersion = 10.0.40219.1
Project("{9A19103F-16F7-4668-BE54-9A1E7A4F7556}") = "RegistroPedidos", "RegistroPedidos.csproj", "{2E62DE94-BA93-42E4-82B5-856FC317A337}"
EndProject
Global
	GlobalSection(SolutionConfigurationPlatforms) = preSolution
		Debug|Any CPU = Debug|Any CPU
		Release|Any CPU = Release|Any CPU
	EndGlobalSection
	GlobalSection(ProjectConfigurationPlatforms) = postSolution
		{2E62DE94-BA93-42E4-82B5-856FC317A337}.Debug|Any CPU.ActiveCfg = Debug|Any CPU
		{2E62DE94-BA93-42E4-82B5-856FC317A337}.Debug|Any CPU.Build.0 = Debug|Any CPU
		{2E62DE94-BA93-42E4-82B5-856FC317A337}.Release|Any CPU.ActiveCfg = Release|Any CPU
		{2E62DE94-BA93-42E4-82B5-856FC317A337}.Release|Any CPU.Build.0 = Release|Any CPU
	EndGlobalSection
	GlobalSection(SolutionProperties) = preSolution
		HideSolutionNode = FALSE
	EndGlobalSection
	GlobalSection(ExtensibilityGlobals) = postSolution
		SolutionGuid = {E6812B47-6DC5-4385-B5E7-D2167331F29A}
	EndGlobalSection
EndGlobal
